# This file is autogenerated, do not edit; changes may be undone by the next 'dep ensure'.


[[projects]]
  branch = "master"
  digest = "1:7fb51688eadf38272411852d7a2b3538c7caff53309abee6c0964a83c00fe69e"
  name = "github.com/globalsign/mgo"
  packages = [
    "bson",
    "internal/json",
  ]
  pruneopts = "UT"
  revision = "eeefdecb41b842af6dc652aaea4026e8403e62df"

[[projects]]
  branch = "master"
  digest = "1:68e5a49c68fc8a8fbf152ce3c706d0e5f4e07a219f5eafbe9d5786dbda6bd1b7"
  name = "github.com/minio/minio"
  packages = ["pkg/wildcard"]
  pruneopts = "UT"
  revision = "f4879ed96d466a2d89c55d63aea7ee3ae240d6e5"

[[projects]]
  digest = "1:90bd837cc278cfe1d698a0a25b585f920b2f7fed395c95ce9bf8ce643ca9d945"
  name = "github.com/minio/minio-go"
  packages = [
    "pkg/s3utils",
    "pkg/set",
  ]
  pruneopts = "UT"
  revision = "59af836a7e6d99cbefa093475fbde0a4552d483f"
  version = "v6.0.19"

[solve-meta]
  analyzer-name = "dep"
  analyzer-version = 1
  input-imports = [
    "github.com/globalsign/mgo/bson",
    "github.com/minio/minio-go/pkg/s3utils",
    "github.com/minio/minio-go/pkg/set",
    "github.com/minio/minio/pkg/wildcard",
  ]
  solver-name = "gps-cdcl"
  solver-version = 1
